// !$*UTF8*$!
{
	archiveVersion = 1;
	classes = {
	};
	objectVersion = 46;
	objects = {

/* Begin PBXBuildFile section */
		023A707D199550930053F10E /* Foundation.framework in Frameworks */ = {isa = PBXBuildFile; fileRef = 023A707C199550930053F10E /* Foundation.framework */; };
		023A707F199550930053F10E /* CoreGraphics.framework in Frameworks */ = {isa = PBXBuildFile; fileRef = 023A707E199550930053F10E /* CoreGraphics.framework */; };
		023A7081199550930053F10E /* UIKit.framework in Frameworks */ = {isa = PBXBuildFile; fileRef = 023A7080199550930053F10E /* UIKit.framework */; };
		023A7087199550930053F10E /* InfoPlist.strings in Resources */ = {isa = PBXBuildFile; fileRef = 023A7085199550930053F10E /* InfoPlist.strings */; };
		023A7089199550930053F10E /* main.m in Sources */ = {isa = PBXBuildFile; fileRef = 023A7088199550930053F10E /* main.m */; };
		023A708D199550930053F10E /* AppDelegate.m in Sources */ = {isa = PBXBuildFile; fileRef = 023A708C199550930053F10E /* AppDelegate.m */; };
		023A7095199550930053F10E /* Images.xcassets in Resources */ = {isa = PBXBuildFile; fileRef = 023A7094199550930053F10E /* Images.xcassets */; };
		023A709C199550930053F10E /* XCTest.framework in Frameworks */ = {isa = PBXBuildFile; fileRef = 023A709B199550930053F10E /* XCTest.framework */; };
		023A709D199550930053F10E /* Foundation.framework in Frameworks */ = {isa = PBXBuildFile; fileRef = 023A707C199550930053F10E /* Foundation.framework */; };
		023A709E199550930053F10E /* UIKit.framework in Frameworks */ = {isa = PBXBuildFile; fileRef = 023A7080199550930053F10E /* UIKit.framework */; };
		023A70A6199550940053F10E /* InfoPlist.strings in Resources */ = {isa = PBXBuildFile; fileRef = 023A70A4199550940053F10E /* InfoPlist.strings */; };
		023A70A8199550940053F10E /* UniiChallengeTests.m in Sources */ = {isa = PBXBuildFile; fileRef = 023A70A7199550940053F10E /* UniiChallengeTests.m */; };
		023A70BB199554DD0053F10E /* ServerCommunicationController.m in Sources */ = {isa = PBXBuildFile; fileRef = 023A70BA199554DD0053F10E /* ServerCommunicationController.m */; };
		023A70BC199554DD0053F10E /* ServerCommunicationController.m in Sources */ = {isa = PBXBuildFile; fileRef = 023A70BA199554DD0053F10E /* ServerCommunicationController.m */; };
		023A70C0199561CF0053F10E /* UIView+ErrorFeedbackView.m in Sources */ = {isa = PBXBuildFile; fileRef = 023A70BF199561CF0053F10E /* UIView+ErrorFeedbackView.m */; };
		023A70C1199561CF0053F10E /* UIView+ErrorFeedbackView.m in Sources */ = {isa = PBXBuildFile; fileRef = 023A70BF199561CF0053F10E /* UIView+ErrorFeedbackView.m */; };
		023A70C619956F820053F10E /* PostsTableViewController.m in Sources */ = {isa = PBXBuildFile; fileRef = 023A70C519956F820053F10E /* PostsTableViewController.m */; };
		023A70C719956F820053F10E /* PostsTableViewController.m in Sources */ = {isa = PBXBuildFile; fileRef = 023A70C519956F820053F10E /* PostsTableViewController.m */; };
		023A70C919956FC30053F10E /* PostsTableViewController.xib in Resources */ = {isa = PBXBuildFile; fileRef = 023A70C819956FC30053F10E /* PostsTableViewController.xib */; };
		023A70CA19956FC30053F10E /* PostsTableViewController.xib in Resources */ = {isa = PBXBuildFile; fileRef = 023A70C819956FC30053F10E /* PostsTableViewController.xib */; };
		023A70CE199572800053F10E /* UtilityMethods.m in Sources */ = {isa = PBXBuildFile; fileRef = 023A70CD199572800053F10E /* UtilityMethods.m */; };
		023A70CF199572800053F10E /* UtilityMethods.m in Sources */ = {isa = PBXBuildFile; fileRef = 023A70CD199572800053F10E /* UtilityMethods.m */; };
		023A70D3199583D10053F10E /* PostCell.m in Sources */ = {isa = PBXBuildFile; fileRef = 023A70D2199583D10053F10E /* PostCell.m */; };
		023A70D4199583D10053F10E /* PostCell.m in Sources */ = {isa = PBXBuildFile; fileRef = 023A70D2199583D10053F10E /* PostCell.m */; };
		023A70D6199584100053F10E /* PostCell.xib in Resources */ = {isa = PBXBuildFile; fileRef = 023A70D5199584100053F10E /* PostCell.xib */; };
		023A70D7199584100053F10E /* PostCell.xib in Resources */ = {isa = PBXBuildFile; fileRef = 023A70D5199584100053F10E /* PostCell.xib */; };
		023A70DB1995909D0053F10E /* comment.png in Resources */ = {isa = PBXBuildFile; fileRef = 023A70D91995909D0053F10E /* comment.png */; };
		023A70DC1995909D0053F10E /* comment.png in Resources */ = {isa = PBXBuildFile; fileRef = 023A70D91995909D0053F10E /* comment.png */; };
		023A70DD1995909D0053F10E /* heart.png in Resources */ = {isa = PBXBuildFile; fileRef = 023A70DA1995909D0053F10E /* heart.png */; };
		023A70DE1995909D0053F10E /* heart.png in Resources */ = {isa = PBXBuildFile; fileRef = 023A70DA1995909D0053F10E /* heart.png */; };
		023A70E11995D0820053F10E /* UIImage+ResizedImage.m in Sources */ = {isa = PBXBuildFile; fileRef = 023A70E01995D0820053F10E /* UIImage+ResizedImage.m */; };
		023A70E21995D0820053F10E /* UIImage+ResizedImage.m in Sources */ = {isa = PBXBuildFile; fileRef = 023A70E01995D0820053F10E /* UIImage+ResizedImage.m */; };
		023A70E41995D7290053F10E /* avataar.png in Resources */ = {isa = PBXBuildFile; fileRef = 023A70E31995D7290053F10E /* avataar.png */; };
		023A70E51995D7290053F10E /* avataar.png in Resources */ = {isa = PBXBuildFile; fileRef = 023A70E31995D7290053F10E /* avataar.png */; };
		023A70E9199681870053F10E /* ViewController.m in Sources */ = {isa = PBXBuildFile; fileRef = 023A70E7199681870053F10E /* ViewController.m */; };
		023A70EA199681870053F10E /* ViewController.m in Sources */ = {isa = PBXBuildFile; fileRef = 023A70E7199681870053F10E /* ViewController.m */; };
		023A70EB199681870053F10E /* ViewController.xib in Resources */ = {isa = PBXBuildFile; fileRef = 023A70E8199681870053F10E /* ViewController.xib */; };
		023A70EC199681870053F10E /* ViewController.xib in Resources */ = {isa = PBXBuildFile; fileRef = 023A70E8199681870053F10E /* ViewController.xib */; };
/* End PBXBuildFile section */

/* Begin PBXContainerItemProxy section */
		023A709F199550930053F10E /* PBXContainerItemProxy */ = {
			isa = PBXContainerItemProxy;
			containerPortal = 023A7071199550930053F10E /* Project object */;
			proxyType = 1;
			remoteGlobalIDString = 023A7078199550930053F10E;
			remoteInfo = UniiChallenge;
		};
/* End PBXContainerItemProxy section */

/* Begin PBXFileReference section */
		023A7079199550930053F10E /* UniiChallenge.app */ = {isa = PBXFileReference; explicitFileType = wrapper.application; includeInIndex = 0; path = UniiChallenge.app; sourceTree = BUILT_PRODUCTS_DIR; };
		023A707C199550930053F10E /* Foundation.framework */ = {isa = PBXFileReference; lastKnownFileType = wrapper.framework; name = Foundation.framework; path = System/Library/Frameworks/Foundation.framework; sourceTree = SDKROOT; };
		023A707E199550930053F10E /* CoreGraphics.framework */ = {isa = PBXFileReference; lastKnownFileType = wrapper.framework; name = CoreGraphics.framework; path = System/Library/Frameworks/CoreGraphics.framework; sourceTree = SDKROOT; };
		023A7080199550930053F10E /* UIKit.framework */ = {isa = PBXFileReference; lastKnownFileType = wrapper.framework; name = UIKit.framework; path = System/Library/Frameworks/UIKit.framework; sourceTree = SDKROOT; };
		023A7084199550930053F10E /* UniiChallenge-Info.plist */ = {isa = PBXFileReference; lastKnownFileType = text.plist.xml; path = "UniiChallenge-Info.plist"; sourceTree = "<group>"; };
		023A7086199550930053F10E /* en */ = {isa = PBXFileReference; lastKnownFileType = text.plist.strings; name = en; path = en.lproj/InfoPlist.strings; sourceTree = "<group>"; };
		023A7088199550930053F10E /* main.m */ = {isa = PBXFileReference; lastKnownFileType = sourcecode.c.objc; path = main.m; sourceTree = "<group>"; };
		023A708A199550930053F10E /* UniiChallenge-Prefix.pch */ = {isa = PBXFileReference; lastKnownFileType = sourcecode.c.h; path = "UniiChallenge-Prefix.pch"; sourceTree = "<group>"; };
		023A708B199550930053F10E /* AppDelegate.h */ = {isa = PBXFileReference; lastKnownFileType = sourcecode.c.h; path = AppDelegate.h; sourceTree = "<group>"; };
		023A708C199550930053F10E /* AppDelegate.m */ = {isa = PBXFileReference; lastKnownFileType = sourcecode.c.objc; path = AppDelegate.m; sourceTree = "<group>"; };
		023A7094199550930053F10E /* Images.xcassets */ = {isa = PBXFileReference; lastKnownFileType = folder.assetcatalog; path = Images.xcassets; sourceTree = "<group>"; };
		023A709A199550930053F10E /* UniiChallengeTests.xctest */ = {isa = PBXFileReference; explicitFileType = wrapper.cfbundle; includeInIndex = 0; path = UniiChallengeTests.xctest; sourceTree = BUILT_PRODUCTS_DIR; };
		023A709B199550930053F10E /* XCTest.framework */ = {isa = PBXFileReference; lastKnownFileType = wrapper.framework; name = XCTest.framework; path = Library/Frameworks/XCTest.framework; sourceTree = DEVELOPER_DIR; };
		023A70A3199550940053F10E /* UniiChallengeTests-Info.plist */ = {isa = PBXFileReference; lastKnownFileType = text.plist.xml; path = "UniiChallengeTests-Info.plist"; sourceTree = "<group>"; };
		023A70A5199550940053F10E /* en */ = {isa = PBXFileReference; lastKnownFileType = text.plist.strings; name = en; path = en.lproj/InfoPlist.strings; sourceTree = "<group>"; };
		023A70A7199550940053F10E /* UniiChallengeTests.m */ = {isa = PBXFileReference; lastKnownFileType = sourcecode.c.objc; path = UniiChallengeTests.m; sourceTree = "<group>"; };
		023A70B9199554DD0053F10E /* ServerCommunicationController.h */ = {isa = PBXFileReference; fileEncoding = 4; lastKnownFileType = sourcecode.c.h; path = ServerCommunicationController.h; sourceTree = "<group>"; };
		023A70BA199554DD0053F10E /* ServerCommunicationController.m */ = {isa = PBXFileReference; fileEncoding = 4; lastKnownFileType = sourcecode.c.objc; path = ServerCommunicationController.m; sourceTree = "<group>"; };
		023A70BE199561CF0053F10E /* UIView+ErrorFeedbackView.h */ = {isa = PBXFileReference; fileEncoding = 4; lastKnownFileType = sourcecode.c.h; path = "UIView+ErrorFeedbackView.h"; sourceTree = "<group>"; };
		023A70BF199561CF0053F10E /* UIView+ErrorFeedbackView.m */ = {isa = PBXFileReference; fileEncoding = 4; lastKnownFileType = sourcecode.c.objc; path = "UIView+ErrorFeedbackView.m"; sourceTree = "<group>"; };
		023A70C419956F820053F10E /* PostsTableViewController.h */ = {isa = PBXFileReference; fileEncoding = 4; lastKnownFileType = sourcecode.c.h; path = PostsTableViewController.h; sourceTree = "<group>"; };
		023A70C519956F820053F10E /* PostsTableViewController.m */ = {isa = PBXFileReference; fileEncoding = 4; lastKnownFileType = sourcecode.c.objc; path = PostsTableViewController.m; sourceTree = "<group>"; };
		023A70C819956FC30053F10E /* PostsTableViewController.xib */ = {isa = PBXFileReference; fileEncoding = 4; lastKnownFileType = file.xib; path = PostsTableViewController.xib; sourceTree = "<group>"; };
		023A70CC199572800053F10E /* UtilityMethods.h */ = {isa = PBXFileReference; fileEncoding = 4; lastKnownFileType = sourcecode.c.h; path = UtilityMethods.h; sourceTree = "<group>"; };
		023A70CD199572800053F10E /* UtilityMethods.m */ = {isa = PBXFileReference; fileEncoding = 4; lastKnownFileType = sourcecode.c.objc; path = UtilityMethods.m; sourceTree = "<group>"; };
		023A70D1199583D10053F10E /* PostCell.h */ = {isa = PBXFileReference; fileEncoding = 4; lastKnownFileType = sourcecode.c.h; path = PostCell.h; sourceTree = "<group>"; };
		023A70D2199583D10053F10E /* PostCell.m */ = {isa = PBXFileReference; fileEncoding = 4; lastKnownFileType = sourcecode.c.objc; path = PostCell.m; sourceTree = "<group>"; };
		023A70D5199584100053F10E /* PostCell.xib */ = {isa = PBXFileReference; fileEncoding = 4; lastKnownFileType = file.xib; path = PostCell.xib; sourceTree = "<group>"; };
		023A70D91995909D0053F10E /* comment.png */ = {isa = PBXFileReference; lastKnownFileType = image.png; path = comment.png; sourceTree = "<group>"; };
		023A70DA1995909D0053F10E /* heart.png */ = {isa = PBXFileReference; lastKnownFileType = image.png; path = heart.png; sourceTree = "<group>"; };
		023A70DF1995D0820053F10E /* UIImage+ResizedImage.h */ = {isa = PBXFileReference; fileEncoding = 4; lastKnownFileType = sourcecode.c.h; path = "UIImage+ResizedImage.h"; sourceTree = "<group>"; };
		023A70E01995D0820053F10E /* UIImage+ResizedImage.m */ = {isa = PBXFileReference; fileEncoding = 4; lastKnownFileType = sourcecode.c.objc; path = "UIImage+ResizedImage.m"; sourceTree = "<group>"; };
		023A70E31995D7290053F10E /* avataar.png */ = {isa = PBXFileReference; lastKnownFileType = image.png; path = avataar.png; sourceTree = "<group>"; };
		023A70E6199681870053F10E /* ViewController.h */ = {isa = PBXFileReference; fileEncoding = 4; lastKnownFileType = sourcecode.c.h; path = ViewController.h; sourceTree = "<group>"; };
		023A70E7199681870053F10E /* ViewController.m */ = {isa = PBXFileReference; fileEncoding = 4; lastKnownFileType = sourcecode.c.objc; path = ViewController.m; sourceTree = "<group>"; };
		023A70E8199681870053F10E /* ViewController.xib */ = {isa = PBXFileReference; fileEncoding = 4; lastKnownFileType = file.xib; path = ViewController.xib; sourceTree = "<group>"; };
/* End PBXFileReference section */

/* Begin PBXFrameworksBuildPhase section */
		023A7076199550930053F10E /* Frameworks */ = {
			isa = PBXFrameworksBuildPhase;
			buildActionMask = 2147483647;
			files = (
				023A707F199550930053F10E /* CoreGraphics.framework in Frameworks */,
				023A7081199550930053F10E /* UIKit.framework in Frameworks */,
				023A707D199550930053F10E /* Foundation.framework in Frameworks */,
			);
			runOnlyForDeploymentPostprocessing = 0;
		};
		023A7097199550930053F10E /* Frameworks */ = {
			isa = PBXFrameworksBuildPhase;
			buildActionMask = 2147483647;
			files = (
				023A709C199550930053F10E /* XCTest.framework in Frameworks */,
				023A709E199550930053F10E /* UIKit.framework in Frameworks */,
				023A709D199550930053F10E /* Foundation.framework in Frameworks */,
			);
			runOnlyForDeploymentPostprocessing = 0;
		};
/* End PBXFrameworksBuildPhase section */

/* Begin PBXGroup section */
		023A7070199550930053F10E = {
			isa = PBXGroup;
			children = (
				023A7082199550930053F10E /* UniiChallenge */,
				023A70A1199550930053F10E /* UniiChallengeTests */,
				023A707B199550930053F10E /* Frameworks */,
				023A707A199550930053F10E /* Products */,
			);
			sourceTree = "<group>";
		};
		023A707A199550930053F10E /* Products */ = {
			isa = PBXGroup;
			children = (
				023A7079199550930053F10E /* UniiChallenge.app */,
				023A709A199550930053F10E /* UniiChallengeTests.xctest */,
			);
			name = Products;
			sourceTree = "<group>";
		};
		023A707B199550930053F10E /* Frameworks */ = {
			isa = PBXGroup;
			children = (
				023A707C199550930053F10E /* Foundation.framework */,
				023A707E199550930053F10E /* CoreGraphics.framework */,
				023A7080199550930053F10E /* UIKit.framework */,
				023A709B199550930053F10E /* XCTest.framework */,
			);
			name = Frameworks;
			sourceTree = "<group>";
		};
		023A7082199550930053F10E /* UniiChallenge */ = {
			isa = PBXGroup;
			children = (
				023A70D81995909D0053F10E /* Assets */,
				023A70D01995838C0053F10E /* CustomsViews */,
				023A70CB199572390053F10E /* UtilityMethods */,
				023A70BD1995619B0053F10E /* Categories */,
				023A70C319956F4D0053F10E /* ViewControllers */,
				023A70B8199554A00053F10E /* Classes */,
				023A708B199550930053F10E /* AppDelegate.h */,
				023A708C199550930053F10E /* AppDelegate.m */,
				023A7094199550930053F10E /* Images.xcassets */,
				023A7083199550930053F10E /* Supporting Files */,
			);
			path = UniiChallenge;
			sourceTree = "<group>";
		};
		023A7083199550930053F10E /* Supporting Files */ = {
			isa = PBXGroup;
			children = (
				023A7084199550930053F10E /* UniiChallenge-Info.plist */,
				023A7085199550930053F10E /* InfoPlist.strings */,
				023A7088199550930053F10E /* main.m */,
				023A708A199550930053F10E /* UniiChallenge-Prefix.pch */,
			);
			name = "Supporting Files";
			sourceTree = "<group>";
		};
		023A70A1199550930053F10E /* UniiChallengeTests */ = {
			isa = PBXGroup;
			children = (
				023A70A7199550940053F10E /* UniiChallengeTests.m */,
				023A70A2199550940053F10E /* Supporting Files */,
			);
			path = UniiChallengeTests;
			sourceTree = "<group>";
		};
		023A70A2199550940053F10E /* Supporting Files */ = {
			isa = PBXGroup;
			children = (
				023A70A3199550940053F10E /* UniiChallengeTests-Info.plist */,
				023A70A4199550940053F10E /* InfoPlist.strings */,
			);
			name = "Supporting Files";
			sourceTree = "<group>";
		};
		023A70B8199554A00053F10E /* Classes */ = {
			isa = PBXGroup;
			children = (
				023A70B9199554DD0053F10E /* ServerCommunicationController.h */,
				023A70BA199554DD0053F10E /* ServerCommunicationController.m */,
			);
			path = Classes;
			sourceTree = "<group>";
		};
		023A70BD1995619B0053F10E /* Categories */ = {
			isa = PBXGroup;
			children = (
				023A70BE199561CF0053F10E /* UIView+ErrorFeedbackView.h */,
				023A70BF199561CF0053F10E /* UIView+ErrorFeedbackView.m */,
				023A70DF1995D0820053F10E /* UIImage+ResizedImage.h */,
				023A70E01995D0820053F10E /* UIImage+ResizedImage.m */,
			);
			path = Categories;
			sourceTree = "<group>";
		};
		023A70C319956F4D0053F10E /* ViewControllers */ = {
			isa = PBXGroup;
			children = (
				023A70C419956F820053F10E /* PostsTableViewController.h */,
				023A70C519956F820053F10E /* PostsTableViewController.m */,
				023A70C819956FC30053F10E /* PostsTableViewController.xib */,
				023A70E6199681870053F10E /* ViewController.h */,
				023A70E7199681870053F10E /* ViewController.m */,
				023A70E8199681870053F10E /* ViewController.xib */,
			);
			path = ViewControllers;
			sourceTree = "<group>";
		};
		023A70CB199572390053F10E /* UtilityMethods */ = {
			isa = PBXGroup;
			children = (
				023A70CC199572800053F10E /* UtilityMethods.h */,
				023A70CD199572800053F10E /* UtilityMethods.m */,
			);
			path = UtilityMethods;
			sourceTree = "<group>";
		};
		023A70D01995838C0053F10E /* CustomsViews */ = {
			isa = PBXGroup;
			children = (
				023A70D1199583D10053F10E /* PostCell.h */,
				023A70D2199583D10053F10E /* PostCell.m */,
				023A70D5199584100053F10E /* PostCell.xib */,
			);
			path = CustomsViews;
			sourceTree = "<group>";
		};
		023A70D81995909D0053F10E /* Assets */ = {
			isa = PBXGroup;
			children = (
				023A70E31995D7290053F10E /* avataar.png */,
				023A70D91995909D0053F10E /* comment.png */,
				023A70DA1995909D0053F10E /* heart.png */,
			);
			path = Assets;
			sourceTree = "<group>";
		};
/* End PBXGroup section */

/* Begin PBXNativeTarget section */
		023A7078199550930053F10E /* UniiChallenge */ = {
			isa = PBXNativeTarget;
			buildConfigurationList = 023A70AB199550940053F10E /* Build configuration list for PBXNativeTarget "UniiChallenge" */;
			buildPhases = (
				023A7075199550930053F10E /* Sources */,
				023A7076199550930053F10E /* Frameworks */,
				023A7077199550930053F10E /* Resources */,
			);
			buildRules = (
			);
			dependencies = (
			);
			name = UniiChallenge;
			productName = UniiChallenge;
			productReference = 023A7079199550930053F10E /* UniiChallenge.app */;
			productType = "com.apple.product-type.application";
		};
		023A7099199550930053F10E /* UniiChallengeTests */ = {
			isa = PBXNativeTarget;
			buildConfigurationList = 023A70AE199550940053F10E /* Build configuration list for PBXNativeTarget "UniiChallengeTests" */;
			buildPhases = (
				023A7096199550930053F10E /* Sources */,
				023A7097199550930053F10E /* Frameworks */,
				023A7098199550930053F10E /* Resources */,
			);
			buildRules = (
			);
			dependencies = (
				023A70A0199550930053F10E /* PBXTargetDependency */,
			);
			name = UniiChallengeTests;
			productName = UniiChallengeTests;
			productReference = 023A709A199550930053F10E /* UniiChallengeTests.xctest */;
			productType = "com.apple.product-type.bundle.unit-test";
		};
/* End PBXNativeTarget section */

/* Begin PBXProject section */
		023A7071199550930053F10E /* Project object */ = {
			isa = PBXProject;
			attributes = {
				LastUpgradeCheck = 0510;
				ORGANIZATIONNAME = "Muhammad Nasir";
				TargetAttributes = {
					023A7099199550930053F10E = {
						TestTargetID = 023A7078199550930053F10E;
					};
				};
			};
			buildConfigurationList = 023A7074199550930053F10E /* Build configuration list for PBXProject "UniiChallenge" */;
			compatibilityVersion = "Xcode 3.2";
			developmentRegion = English;
			hasScannedForEncodings = 0;
			knownRegions = (
				en,
				Base,
			);
			mainGroup = 023A7070199550930053F10E;
			productRefGroup = 023A707A199550930053F10E /* Products */;
			projectDirPath = "";
			projectRoot = "";
			targets = (
				023A7078199550930053F10E /* UniiChallenge */,
				023A7099199550930053F10E /* UniiChallengeTests */,
			);
		};
/* End PBXProject section */

/* Begin PBXResourcesBuildPhase section */
		023A7077199550930053F10E /* Resources */ = {
			isa = PBXResourcesBuildPhase;
			buildActionMask = 2147483647;
			files = (
				023A7095199550930053F10E /* Images.xcassets in Resources */,
				023A70DB1995909D0053F10E /* comment.png in Resources */,
				023A70EB199681870053F10E /* ViewController.xib in Resources */,
				023A70C919956FC30053F10E /* PostsTableViewController.xib in Resources */,
				023A70D6199584100053F10E /* PostCell.xib in Resources */,
				023A70DD1995909D0053F10E /* heart.png in Resources */,
				023A70E41995D7290053F10E /* avataar.png in Resources */,
				023A7087199550930053F10E /* InfoPlist.strings in Resources */,
			);
			runOnlyForDeploymentPostprocessing = 0;
		};
		023A7098199550930053F10E /* Resources */ = {
			isa = PBXResourcesBuildPhase;
			buildActionMask = 2147483647;
			files = (
				023A70EC199681870053F10E /* ViewController.xib in Resources */,
				023A70A6199550940053F10E /* InfoPlist.strings in Resources */,
				023A70DC1995909D0053F10E /* comment.png in Resources */,
				023A70E51995D7290053F10E /* avataar.png in Resources */,
				023A70DE1995909D0053F10E /* heart.png in Resources */,
				023A70D7199584100053F10E /* PostCell.xib in Resources */,
				023A70CA19956FC30053F10E /* PostsTableViewController.xib in Resources */,
			);
			runOnlyForDeploymentPostprocessing = 0;
		};
/* End PBXResourcesBuildPhase section */

/* Begin PBXSourcesBuildPhase section */
		023A7075199550930053F10E /* Sources */ = {
			isa = PBXSourcesBuildPhase;
			buildActionMask = 2147483647;
			files = (
				023A70E9199681870053F10E /* ViewController.m in Sources */,
				023A70C0199561CF0053F10E /* UIView+ErrorFeedbackView.m in Sources */,
				023A708D199550930053F10E /* AppDelegate.m in Sources */,
				023A70E11995D0820053F10E /* UIImage+ResizedImage.m in Sources */,
				023A70D3199583D10053F10E /* PostCell.m in Sources */,
				023A70CE199572800053F10E /* UtilityMethods.m in Sources */,
				023A70C619956F820053F10E /* PostsTableViewController.m in Sources */,
				023A7089199550930053F10E /* main.m in Sources */,
				023A70BB199554DD0053F10E /* ServerCommunicationController.m in Sources */,
			);
			runOnlyForDeploymentPostprocessing = 0;
		};
		023A7096199550930053F10E /* Sources */ = {
			isa = PBXSourcesBuildPhase;
			buildActionMask = 2147483647;
			files = (
				023A70CF199572800053F10E /* UtilityMethods.m in Sources */,
				023A70E21995D0820053F10E /* UIImage+ResizedImage.m in Sources */,
				023A70EA199681870053F10E /* ViewController.m in Sources */,
				023A70A8199550940053F10E /* UniiChallengeTests.m in Sources */,
				023A70C719956F820053F10E /* PostsTableViewController.m in Sources */,
				023A70C1199561CF0053F10E /* UIView+ErrorFeedbackView.m in Sources */,
				023A70BC199554DD0053F10E /* ServerCommunicationController.m in Sources */,
				023A70D4199583D10053F10E /* PostCell.m in Sources */,
			);
			runOnlyForDeploymentPostprocessing = 0;
		};
/* End PBXSourcesBuildPhase section */

/* Begin PBXTargetDependency section */
		023A70A0199550930053F10E /* PBXTargetDependency */ = {
			isa = PBXTargetDependency;
			target = 023A7078199550930053F10E /* UniiChallenge */;
			targetProxy = 023A709F199550930053F10E /* PBXContainerItemProxy */;
		};
/* End PBXTargetDependency section */

/* Begin PBXVariantGroup section */
		023A7085199550930053F10E /* InfoPlist.strings */ = {
			isa = PBXVariantGroup;
			children = (
				023A7086199550930053F10E /* en */,
			);
			name = InfoPlist.strings;
			sourceTree = "<group>";
		};
		023A70A4199550940053F10E /* InfoPlist.strings */ = {
			isa = PBXVariantGroup;
			children = (
				023A70A5199550940053F10E /* en */,
			);
			name = InfoPlist.strings;
			sourceTree = "<group>";
		};
/* End PBXVariantGroup section */

/* Begin XCBuildConfiguration section */
		023A70A9199550940053F10E /* Debug */ = {
			isa = XCBuildConfiguration;
			buildSettings = {
				ALWAYS_SEARCH_USER_PATHS = NO;
				CLANG_CXX_LANGUAGE_STANDARD = "gnu++0x";
				CLANG_CXX_LIBRARY = "libc++";
				CLANG_ENABLE_MODULES = YES;
				CLANG_ENABLE_OBJC_ARC = YES;
				CLANG_WARN_BOOL_CONVERSION = YES;
				CLANG_WARN_CONSTANT_CONVERSION = YES;
				CLANG_WARN_DIRECT_OBJC_ISA_USAGE = YES_ERROR;
				CLANG_WARN_EMPTY_BODY = YES;
				CLANG_WARN_ENUM_CONVERSION = YES;
				CLANG_WARN_INT_CONVERSION = YES;
				CLANG_WARN_OBJC_ROOT_CLASS = YES_ERROR;
				CLANG_WARN__DUPLICATE_METHOD_MATCH = YES;
				"CODE_SIGN_IDENTITY[sdk=iphoneos*]" = "iPhone Developer";
				COPY_PHASE_STRIP = NO;
				GCC_C_LANGUAGE_STANDARD = gnu99;
				GCC_DYNAMIC_NO_PIC = NO;
				GCC_OPTIMIZATION_LEVEL = 0;
				GCC_PREPROCESSOR_DEFINITIONS = (
					"DEBUG=1",
					"$(inherited)",
				);
				GCC_SYMBOLS_PRIVATE_EXTERN = NO;
				GCC_WARN_64_TO_32_BIT_CONVERSION = YES;
				GCC_WARN_ABOUT_RETURN_TYPE = YES_ERROR;
				GCC_WARN_UNDECLARED_SELECTOR = YES;
				GCC_WARN_UNINITIALIZED_AUTOS = YES_AGGRESSIVE;
				GCC_WARN_UNUSED_FUNCTION = YES;
				GCC_WARN_UNUSED_VARIABLE = YES;
				IPHONEOS_DEPLOYMENT_TARGET = 6.0;
				ONLY_ACTIVE_ARCH = YES;
				SDKROOT = iphoneos;
			};
			name = Debug;
		};
		023A70AA199550940053F10E /* Release */ = {
			isa = XCBuildConfiguration;
			buildSettings = {
				ALWAYS_SEARCH_USER_PATHS = NO;
				CLANG_CXX_LANGUAGE_STANDARD = "gnu++0x";
				CLANG_CXX_LIBRARY = "libc++";
				CLANG_ENABLE_MODULES = YES;
				CLANG_ENABLE_OBJC_ARC = YES;
				CLANG_WARN_BOOL_CONVERSION = YES;
				CLANG_WARN_CONSTANT_CONVERSION = YES;
				CLANG_WARN_DIRECT_OBJC_ISA_USAGE = YES_ERROR;
				CLANG_WARN_EMPTY_BODY = YES;
				CLANG_WARN_ENUM_CONVERSION = YES;
				CLANG_WARN_INT_CONVERSION = YES;
				CLANG_WARN_OBJC_ROOT_CLASS = YES_ERROR;
				CLANG_WARN__DUPLICATE_METHOD_MATCH = YES;
				"CODE_SIGN_IDENTITY[sdk=iphoneos*]" = "iPhone Developer";
				COPY_PHASE_STRIP = YES;
				ENABLE_NS_ASSERTIONS = NO;
				GCC_C_LANGUAGE_STANDARD = gnu99;
				GCC_WARN_64_TO_32_BIT_CONVERSION = YES;
				GCC_WARN_ABOUT_RETURN_TYPE = YES_ERROR;
				GCC_WARN_UNDECLARED_SELECTOR = YES;
				GCC_WARN_UNINITIALIZED_AUTOS = YES_AGGRESSIVE;
				GCC_WARN_UNUSED_FUNCTION = YES;
				GCC_WARN_UNUSED_VARIABLE = YES;
				IPHONEOS_DEPLOYMENT_TARGET = 6.0;
				SDKROOT = iphoneos;
				VALIDATE_PRODUCT = YES;
			};
			name = Release;
		};
		023A70AC199550940053F10E /* Debug */ = {
			isa = XCBuildConfiguration;
			buildSettings = {
				ASSETCATALOG_COMPILER_APPICON_NAME = AppIcon;
				ASSETCATALOG_COMPILER_LAUNCHIMAGE_NAME = LaunchImage;
				GCC_PRECOMPILE_PREFIX_HEADER = YES;
				GCC_PREFIX_HEADER = "UniiChallenge/UniiChallenge-Prefix.pch";
				INFOPLIST_FILE = "UniiChallenge/UniiChallenge-Info.plist";
				IPHONEOS_DEPLOYMENT_TARGET = 6.0;
				PRODUCT_NAME = "$(TARGET_NAME)";
				WRAPPER_EXTENSION = app;
			};
			name = Debug;
		};
		023A70AD199550940053F10E /* Release */ = {
			isa = XCBuildConfiguration;
			buildSettings = {
				ASSETCATALOG_COMPILER_APPICON_NAME = AppIcon;
				ASSETCATALOG_COMPILER_LAUNCHIMAGE_NAME = LaunchImage;
				GCC_PRECOMPILE_PREFIX_HEADER = YES;
				GCC_PREFIX_HEADER = "UniiChallenge/UniiChallenge-Prefix.pch";
				INFOPLIST_FILE = "UniiChallenge/UniiChallenge-Info.plist";
				IPHONEOS_DEPLOYMENT_TARGET = 6.0;
				PRODUCT_NAME = "$(TARGET_NAME)";
				WRAPPER_EXTENSION = app;
			};
			name = Release;
		};
		023A70AF199550940053F10E /* Debug */ = {
			isa = XCBuildConfiguration;
			buildSettings = {
				BUNDLE_LOADER = "$(BUILT_PRODUCTS_DIR)/UniiChallenge.app/UniiChallenge";
				FRAMEWORK_SEARCH_PATHS = (
					"$(SDKROOT)/Developer/Library/Frameworks",
					"$(inherited)",
					"$(DEVELOPER_FRAMEWORKS_DIR)",
				);
				GCC_PRECOMPILE_PREFIX_HEADER = YES;
				GCC_PREFIX_HEADER = "UniiChallenge/UniiChallenge-Prefix.pch";
				GCC_PREPROCESSOR_DEFINITIONS = (
					"DEBUG=1",
					"$(inherited)",
				);
				INFOPLIST_FILE = "UniiChallengeTests/UniiChallengeTests-Info.plist";
				PRODUCT_NAME = "$(TARGET_NAME)";
				TEST_HOST = "$(BUNDLE_LOADER)";
				WRAPPER_EXTENSION = xctest;
			};
			name = Debug;
		};
		023A70B0199550940053F10E /* Release */ = {
			isa = XCBuildConfiguration;
			buildSettings = {
				BUNDLE_LOADER = "$(BUILT_PRODUCTS_DIR)/UniiChallenge.app/UniiChallenge";
				FRAMEWORK_SEARCH_PATHS = (
					"$(SDKROOT)/Developer/Library/Frameworks",
					"$(inherited)",
					"$(DEVELOPER_FRAMEWORKS_DIR)",
				);
				GCC_PRECOMPILE_PREFIX_HEADER = YES;
				GCC_PREFIX_HEADER = "UniiChallenge/UniiChallenge-Prefix.pch";
				INFOPLIST_FILE = "UniiChallengeTests/UniiChallengeTests-Info.plist";
				PRODUCT_NAME = "$(TARGET_NAME)";
				TEST_HOST = "$(BUNDLE_LOADER)";
				WRAPPER_EXTENSION = xctest;
			};
			name = Release;
		};
/* End XCBuildConfiguration section */

/* Begin XCConfigurationList section */
		023A7074199550930053F10E /* Build configuration list for PBXProject "UniiChallenge" */ = {
			isa = XCConfigurationList;
			buildConfigurations = (
				023A70A9199550940053F10E /* Debug */,
				023A70AA199550940053F10E /* Release */,
			);
			defaultConfigurationIsVisible = 0;
			defaultConfigurationName = Release;
		};
		023A70AB199550940053F10E /* Build configuration list for PBXNativeTarget "UniiChallenge" */ = {
			isa = XCConfigurationList;
			buildConfigurations = (
				023A70AC199550940053F10E /* Debug */,
				023A70AD199550940053F10E /* Release */,
			);
			defaultConfigurationIsVisible = 0;
			defaultConfigurationName = Release;
		};
		023A70AE199550940053F10E /* Build configuration list for PBXNativeTarget "UniiChallengeTests" */ = {
			isa = XCConfigurationList;
			buildConfigurations = (
				023A70AF199550940053F10E /* Debug */,
				023A70B0199550940053F10E /* Release */,
			);
			defaultConfigurationIsVisible = 0;
			defaultConfigurationName = Release;
		};
/* End XCConfigurationList section */
	};
	rootObject = 023A7071199550930053F10E /* Project object */;
}
